{
  "name": "@opencode-ai/ralph",
  "version": "1.0.0",
  "lockfileVersion": 3,
  "requires": true,
  "packages": {
    "": {
      "name": "@opencode-ai/ralph",
      "version": "1.0.0",
      "license": "MIT",
      "peerDependencies": {
        "@opencode-ai/plugin": ">=1.1.0",
        "@opencode-ai/sdk": ">=1.1.0",
        "zod": ">=3.0.0"
      }
    },
    "node_modules/@opencode-ai/plugin": {
      "version": "1.1.26",
      "resolved": "https://registry.npmjs.org/@opencode-ai/plugin/-/plugin-1.1.26.tgz",
      "integrity": "sha512-GnhLZuw9NHDJwY5msUZnFIWiLc0SnoBXWZNfnWF5+hu0fcVLgul8gqB2VK4kUv+KOQlzCVMILYikSSQkMYp7RQ==",
      "license": "MIT",
      "peer": true,
      "dependencies": {
        "@opencode-ai/sdk": "1.1.26",
        "zod": "4.1.8"
      }
    },
    "node_modules/@opencode-ai/plugin/node_modules/zod": {
      "version": "4.1.8",
      "resolved": "https://registry.npmjs.org/zod/-/zod-4.1.8.tgz",
      "integrity": "sha512-5R1P+WwQqmmMIEACyzSvo4JXHY5WiAFHRMg+zBZKgKS+Q1viRa0C1hmUKtHltoIFKtIdki3pRxkmpP74jnNYHQ==",
      "license": "MIT",
      "peer": true,
      "funding": {
        "url": "https://github.com/sponsors/colinhacks"
      }
    },
    "node_modules/@opencode-ai/sdk": {
      "version": "1.1.26",
      "resolved": "https://registry.npmjs.org/@opencode-ai/sdk/-/sdk-1.1.26.tgz",
      "integrity": "sha512-5s+yxNJy7DpWwDq0L//F2sqKERz4640DmDLyrRlFXmckx5prnzFl3liEOOTySOL2WaxgVwjYw8OBiT15v2mAgA==",
      "license": "MIT",
      "peer": true
    },
    "node_modules/zod": {
      "version": "4.3.5",
      "resolved": "https://registry.npmjs.org/zod/-/zod-4.3.5.tgz",
      "integrity": "sha512-k7Nwx6vuWx1IJ9Bjuf4Zt1PEllcwe7cls3VNzm4CQ1/hgtFUK2bRNG3rvnpPUhFjmqJKAKtjV576KnUkHocg/g==",
      "license": "MIT",
      "peer": true,
      "funding": {
        "url": "https://github.com/sponsors/colinhacks"
      }
    }
  }
}
